{
  "nodes": {
    "__flake-compat": {
      "flake": false,
      "locked": {
        "lastModified": 1743448263,
        "narHash": "sha256-PplvwAEkj+/MFkM6Q9V59L6f6i3Tbdc/9yLRf/iwECg=",
        "ref": "refs/heads/main",
        "rev": "6588972962297c7abd300a72c55b2c7e21c1dc54",
        "revCount": 85,
        "type": "git",
        "url": "https://git.lix.systems/lix-project/flake-compat.git"
      },
      "original": {
        "type": "git",
        "url": "https://git.lix.systems/lix-project/flake-compat.git"
      }
    },
    "nixos-apple-silicon": {
      "flake": false,
      "locked": {
        "lastModified": 1759244631,
        "narHash": "sha256-b8k+l2ygOZD3ABD8H2Nl/oiZ7byT52SLrqiU3D5FG88=",
        "owner": "nix-community",
        "repo": "nixos-apple-silicon",
        "rev": "db555f5ac04144c5a56d60dbf4e15a3e58ccae08",
        "type": "github"
      },
      "original": {
        "owner": "nix-community",
        "repo": "nixos-apple-silicon",
        "type": "github"
      }
    },
    "nixpkgs": {
      "locked": {
        "lastModified": 1747885982,
        "narHash": "sha256-rSuxACdwx5Ndr2thpjqcG89fj8mSSp96CFoCt0yrdkY=",
        "owner": "NixOS",
        "repo": "nixpkgs",
        "rev": "a16efe5d2fc7455d7328a01f4692bfec152965b3",
        "type": "github"
      },
      "original": {
        "owner": "NixOS",
        "ref": "nixpkgs-unstable",
        "repo": "nixpkgs",
        "type": "github"
      }
    },
    "root": {
      "inputs": {
        "__flake-compat": "__flake-compat",
        "nixos-apple-silicon": "nixos-apple-silicon",
        "nixpkgs": "nixpkgs"
      }
    }
  },
  "root": "root",
  "version": 7
}
