{
  "nodes": {
    "__flake-compat": {
      "flake": false,
      "locked": {
        "lastModified": 1743448263,
        "narHash": "sha256-PplvwAEkj+/MFkM6Q9V59L6f6i3Tbdc/9yLRf/iwECg=",
        "ref": "refs/heads/main",
        "rev": "6588972962297c7abd300a72c55b2c7e21c1dc54",
        "revCount": 85,
        "type": "git",
        "url": "https://git.lix.systems/lix-project/flake-compat.git"
      },
      "original": {
        "type": "git",
        "url": "https://git.lix.systems/lix-project/flake-compat.git"
      }
    },
    "nixos-apple-silicon": {
      "flake": false,
      "locked": {
        "lastModified": 1747085439,
        "narHash": "sha256-YjJ1K5XYMT7dn68iE7RK4wyPgofiBnN5jkkcJKHD/VA=",
        "owner": "yuyuyureka",
        "repo": "nixos-apple-silicon",
        "rev": "09b6f9693c04cd8df950b7711db731d5c7b2166f",
        "type": "github"
      },
      "original": {
        "owner": "yuyuyureka",
        "ref": "minimize-patches",
        "repo": "nixos-apple-silicon",
        "type": "github"
      }
    },
    "nixpkgs": {
      "locked": {
        "lastModified": 1747885982,
        "narHash": "sha256-rSuxACdwx5Ndr2thpjqcG89fj8mSSp96CFoCt0yrdkY=",
        "owner": "NixOS",
        "repo": "nixpkgs",
        "rev": "a16efe5d2fc7455d7328a01f4692bfec152965b3",
        "type": "github"
      },
      "original": {
        "owner": "NixOS",
        "ref": "nixpkgs-unstable",
        "repo": "nixpkgs",
        "type": "github"
      }
    },
    "nixpkgs-muvm": {
      "flake": false,
      "locked": {
        "lastModified": 1746131127,
        "narHash": "sha256-Ean8ZaL0+2clYRNzOnBdNYTloXvFw4IfG8XXCUYV4Yw=",
        "owner": "NixOS",
        "repo": "nixpkgs",
        "rev": "8a30e8fcec6df3bdea313b05067a39840756255f",
        "type": "github"
      },
      "original": {
        "owner": "NixOS",
        "ref": "refs/pull/397932/head",
        "repo": "nixpkgs",
        "type": "github"
      }
    },
    "root": {
      "inputs": {
        "__flake-compat": "__flake-compat",
        "nixos-apple-silicon": "nixos-apple-silicon",
        "nixpkgs": "nixpkgs",
        "nixpkgs-muvm": "nixpkgs-muvm"
      }
    }
  },
  "root": "root",
  "version": 7
}
